
Microsoft Visual Studio Solution File, Format Version 12.00
# Visual Studio Version 16
VisualStudioVersion = 16.0.31321.278
MinimumVisualStudioVersion = 10.0.40219.1
Project("{FAE04EC0-301F-11D3-BF4B-00C04F79EFBC}") = "Assignemnt", "Assignemnt\Assignemnt.csproj", "{8E39563B-4CDA-463C-B804-5C0C9D7B6E87}"
EndProject
Global
	GlobalSection(SolutionConfigurationPlatforms) = preSolution
		Debug|Any CPU = Debug|Any CPU
		Release|Any CPU = Release|Any CPU
	EndGlobalSection
	GlobalSection(ProjectConfigurationPlatforms) = postSolution
		{8E39563B-4CDA-463C-B804-5C0C9D7B6E87}.Debug|Any CPU.ActiveCfg = Debug|Any CPU
		{8E39563B-4CDA-463C-B804-5C0C9D7B6E87}.Debug|Any CPU.Build.0 = Debug|Any CPU
		{8E39563B-4CDA-463C-B804-5C0C9D7B6E87}.Release|Any CPU.ActiveCfg = Release|Any CPU
		{8E39563B-4CDA-463C-B804-5C0C9D7B6E87}.Release|Any CPU.Build.0 = Release|Any CPU
	EndGlobalSection
	GlobalSection(SolutionProperties) = preSolution
		HideSolutionNode = FALSE
	EndGlobalSection
	GlobalSection(ExtensibilityGlobals) = postSolution
		SolutionGuid = {DEFAD7CE-98B8-48F2-94F5-72BE904F9456}
	EndGlobalSection
EndGlobal
